
Microsoft Visual Studio Solution File, Format Version 12.00
# Visual Studio Version 17
VisualStudioVersion = 17.5.33424.131
MinimumVisualStudioVersion = 10.0.40219.1
Project("{9A19103F-16F7-4668-BE54-9A1E7A4F7556}") = "ImportDataEF.Blazor.Server", "ImportDataEF.Blazor.Server\ImportDataEF.Blazor.Server.csproj", "{BA12D26B-6B7E-4D6E-A839-D17AD624D1BC}"
EndProject
Project("{9A19103F-16F7-4668-BE54-9A1E7A4F7556}") = "ImportDataEF.Module", "ImportDataEF.Module\ImportDataEF.Module.csproj", "{CADB2671-8374-4DAC-952A-A0EF230B8B2D}"
EndProject
Project("{9A19103F-16F7-4668-BE54-9A1E7A4F7556}") = "ImportDataEF.Win", "ImportDataEF.Win\ImportDataEF.Win.csproj", "{885A837B-8EB5-4AFB-A4AA-85437907FF47}"
EndProject

Global
	GlobalSection(SolutionConfigurationPlatforms) = preSolution
		Debug|Any CPU = Debug|Any CPU
		EasyTest|Any CPU = EasyTest|Any CPU
		Release|Any CPU = Release|Any CPU
	EndGlobalSection
	GlobalSection(ProjectConfigurationPlatforms) = postSolution
		{CADB2671-8374-4DAC-952A-A0EF230B8B2D}.Debug|Any CPU.ActiveCfg = Debug|Any CPU
		{CADB2671-8374-4DAC-952A-A0EF230B8B2D}.Debug|Any CPU.Build.0 = Debug|Any CPU
		{CADB2671-8374-4DAC-952A-A0EF230B8B2D}.EasyTest|Any CPU.ActiveCfg = EasyTest|Any CPU
		{CADB2671-8374-4DAC-952A-A0EF230B8B2D}.EasyTest|Any CPU.Build.0 = EasyTest|Any CPU
		{CADB2671-8374-4DAC-952A-A0EF230B8B2D}.Release|Any CPU.ActiveCfg = Release|Any CPU
		{CADB2671-8374-4DAC-952A-A0EF230B8B2D}.Release|Any CPU.Build.0 = Release|Any CPU
		{885A837B-8EB5-4AFB-A4AA-85437907FF47}.Debug|Any CPU.ActiveCfg = Debug|Any CPU
		{885A837B-8EB5-4AFB-A4AA-85437907FF47}.Debug|Any CPU.Build.0 = Debug|Any CPU
		{885A837B-8EB5-4AFB-A4AA-85437907FF47}.EasyTest|Any CPU.ActiveCfg = EasyTest|Any CPU
		{885A837B-8EB5-4AFB-A4AA-85437907FF47}.EasyTest|Any CPU.Build.0 = EasyTest|Any CPU
		{885A837B-8EB5-4AFB-A4AA-85437907FF47}.Release|Any CPU.ActiveCfg = Release|Any CPU
		{885A837B-8EB5-4AFB-A4AA-85437907FF47}.Release|Any CPU.Build.0 = Release|Any CPU
		{BA12D26B-6B7E-4D6E-A839-D17AD624D1BC}.Debug|Any CPU.ActiveCfg = Debug|Any CPU
		{BA12D26B-6B7E-4D6E-A839-D17AD624D1BC}.Debug|Any CPU.Build.0 = Debug|Any CPU
		{BA12D26B-6B7E-4D6E-A839-D17AD624D1BC}.EasyTest|Any CPU.ActiveCfg = EasyTest|Any CPU
		{BA12D26B-6B7E-4D6E-A839-D17AD624D1BC}.EasyTest|Any CPU.Build.0 = EasyTest|Any CPU
		{BA12D26B-6B7E-4D6E-A839-D17AD624D1BC}.Release|Any CPU.ActiveCfg = Release|Any CPU
		{BA12D26B-6B7E-4D6E-A839-D17AD624D1BC}.Release|Any CPU.Build.0 = Release|Any CPU
	EndGlobalSection
	GlobalSection(SolutionProperties) = preSolution
		HideSolutionNode = FALSE
	EndGlobalSection
EndGlobal
